
Microsoft Visual Studio Solution File, Format Version 12.00
# Visual Studio Version 17
VisualStudioVersion = 17.4.33110.190
MinimumVisualStudioVersion = 10.0.40219.1
Project("{FAE04EC0-301F-11D3-BF4B-00C04F79EFBC}") = "AutoTestBot", "AutoTestBot\AutoTestBot.csproj", "{989C91D9-9FE2-4257-B59F-7AB22FFCF617}"
EndProject
Global
	GlobalSection(SolutionConfigurationPlatforms) = preSolution
		Debug|Any CPU = Debug|Any CPU
		Release|Any CPU = Release|Any CPU
	EndGlobalSection
	GlobalSection(ProjectConfigurationPlatforms) = postSolution
		{989C91D9-9FE2-4257-B59F-7AB22FFCF617}.Debug|Any CPU.ActiveCfg = Debug|Any CPU
		{989C91D9-9FE2-4257-B59F-7AB22FFCF617}.Debug|Any CPU.Build.0 = Debug|Any CPU
		{989C91D9-9FE2-4257-B59F-7AB22FFCF617}.Release|Any CPU.ActiveCfg = Release|Any CPU
		{989C91D9-9FE2-4257-B59F-7AB22FFCF617}.Release|Any CPU.Build.0 = Release|Any CPU
	EndGlobalSection
	GlobalSection(SolutionProperties) = preSolution
		HideSolutionNode = FALSE
	EndGlobalSection
	GlobalSection(ExtensibilityGlobals) = postSolution
		SolutionGuid = {A6D0A908-F2D6-4A88-AF6F-813BAB6373A8}
	EndGlobalSection
EndGlobal
